
Microsoft Visual Studio Solution File, Format Version 12.00
# Visual Studio Version 16
VisualStudioVersion = 16.0.30611.23
MinimumVisualStudioVersion = 10.0.40219.1
Project("{FAE04EC0-301F-11D3-BF4B-00C04F79EFBC}") = "redis-csharp", "redis-csharp.csproj", "{3CD81F6D-C640-4C4C-B61F-B4880498B5EA}"
EndProject
Project("{FAE04EC0-301F-11D3-BF4B-00C04F79EFBC}") = "redis-csharp-tests", "tests\redis-csharp-tests\redis-csharp-tests.csproj", "{06C6F39B-8E7A-42A0-BE4A-17770B49C0E9}"
EndProject
Global
	GlobalSection(SolutionConfigurationPlatforms) = preSolution
		Debug|Any CPU = Debug|Any CPU
		Release|Any CPU = Release|Any CPU
	EndGlobalSection
	GlobalSection(ProjectConfigurationPlatforms) = postSolution
		{3CD81F6D-C640-4C4C-B61F-B4880498B5EA}.Debug|Any CPU.ActiveCfg = Debug|Any CPU
		{3CD81F6D-C640-4C4C-B61F-B4880498B5EA}.Debug|Any CPU.Build.0 = Debug|Any CPU
		{3CD81F6D-C640-4C4C-B61F-B4880498B5EA}.Release|Any CPU.ActiveCfg = Release|Any CPU
		{3CD81F6D-C640-4C4C-B61F-B4880498B5EA}.Release|Any CPU.Build.0 = Release|Any CPU
		{06C6F39B-8E7A-42A0-BE4A-17770B49C0E9}.Debug|Any CPU.ActiveCfg = Debug|Any CPU
		{06C6F39B-8E7A-42A0-BE4A-17770B49C0E9}.Debug|Any CPU.Build.0 = Debug|Any CPU
		{06C6F39B-8E7A-42A0-BE4A-17770B49C0E9}.Release|Any CPU.ActiveCfg = Release|Any CPU
		{06C6F39B-8E7A-42A0-BE4A-17770B49C0E9}.Release|Any CPU.Build.0 = Release|Any CPU
	EndGlobalSection
	GlobalSection(SolutionProperties) = preSolution
		HideSolutionNode = FALSE
	EndGlobalSection
	GlobalSection(ExtensibilityGlobals) = postSolution
		SolutionGuid = {DC4D6D48-87F4-4363-A3A7-991EE5E9FC1A}
	EndGlobalSection
EndGlobal
